
Microsoft Visual Studio Solution File, Format Version 12.00
# Visual Studio Version 17
VisualStudioVersion = 17.5.33627.172
MinimumVisualStudioVersion = 10.0.40219.1
Project("{FAE04EC0-301F-11D3-BF4B-00C04F79EFBC}") = "FrontMDD.WebApplication", "FrontMDD.WebApplication\FrontMDD.WebApplication.csproj", "{28A06F27-FECE-4784-ACA1-4F9E922B21EC}"
EndProject
Project("{FAE04EC0-301F-11D3-BF4B-00C04F79EFBC}") = "FrontMDD.Service", "FrontMDD.Service\FrontMDD.Service.csproj", "{A1BF176F-61DE-40C1-8A25-F29AB557D2E3}"
EndProject
Project("{FAE04EC0-301F-11D3-BF4B-00C04F79EFBC}") = "FrontMDD.Entities", "FrontMDD.Entities\FrontMDD.Entities.csproj", "{6A67A78C-2492-4B3D-B51D-CA8BF480D4D3}"
EndProject
Global
	GlobalSection(SolutionConfigurationPlatforms) = preSolution
		Debug|Any CPU = Debug|Any CPU
		Release|Any CPU = Release|Any CPU
	EndGlobalSection
	GlobalSection(ProjectConfigurationPlatforms) = postSolution
		{28A06F27-FECE-4784-ACA1-4F9E922B21EC}.Debug|Any CPU.ActiveCfg = Debug|Any CPU
		{28A06F27-FECE-4784-ACA1-4F9E922B21EC}.Debug|Any CPU.Build.0 = Debug|Any CPU
		{28A06F27-FECE-4784-ACA1-4F9E922B21EC}.Release|Any CPU.ActiveCfg = Release|Any CPU
		{28A06F27-FECE-4784-ACA1-4F9E922B21EC}.Release|Any CPU.Build.0 = Release|Any CPU
		{A1BF176F-61DE-40C1-8A25-F29AB557D2E3}.Debug|Any CPU.ActiveCfg = Debug|Any CPU
		{A1BF176F-61DE-40C1-8A25-F29AB557D2E3}.Debug|Any CPU.Build.0 = Debug|Any CPU
		{A1BF176F-61DE-40C1-8A25-F29AB557D2E3}.Release|Any CPU.ActiveCfg = Release|Any CPU
		{A1BF176F-61DE-40C1-8A25-F29AB557D2E3}.Release|Any CPU.Build.0 = Release|Any CPU
		{6A67A78C-2492-4B3D-B51D-CA8BF480D4D3}.Debug|Any CPU.ActiveCfg = Debug|Any CPU
		{6A67A78C-2492-4B3D-B51D-CA8BF480D4D3}.Debug|Any CPU.Build.0 = Debug|Any CPU
		{6A67A78C-2492-4B3D-B51D-CA8BF480D4D3}.Release|Any CPU.ActiveCfg = Release|Any CPU
		{6A67A78C-2492-4B3D-B51D-CA8BF480D4D3}.Release|Any CPU.Build.0 = Release|Any CPU
	EndGlobalSection
	GlobalSection(SolutionProperties) = preSolution
		HideSolutionNode = FALSE
	EndGlobalSection
	GlobalSection(ExtensibilityGlobals) = postSolution
		SolutionGuid = {4F0551A9-59C4-450D-B4C3-1153F865EC36}
	EndGlobalSection
EndGlobal
